
Microsoft Visual Studio Solution File, Format Version 12.00
# Visual Studio Version 17
VisualStudioVersion = 17.8.34309.116
MinimumVisualStudioVersion = 10.0.40219.1
Project("{9A19103F-16F7-4668-BE54-9A1E7A4F7556}") = "OpenTelemetrySample_A", "OpenTelemetrySample_A\OpenTelemetrySample_A.csproj", "{3814E17E-EFED-4440-9100-173D43096301}"
EndProject
Project("{E53339B2-1760-4266-BCC7-CA923CBCF16C}") = "docker-compose", "docker-compose.dcproj", "{96591EAA-B042-4138-924A-F97DC1BB6CDE}"
EndProject
Global
	GlobalSection(SolutionConfigurationPlatforms) = preSolution
		Debug|Any CPU = Debug|Any CPU
		Release|Any CPU = Release|Any CPU
	EndGlobalSection
	GlobalSection(ProjectConfigurationPlatforms) = postSolution
		{3814E17E-EFED-4440-9100-173D43096301}.Debug|Any CPU.ActiveCfg = Debug|Any CPU
		{3814E17E-EFED-4440-9100-173D43096301}.Debug|Any CPU.Build.0 = Debug|Any CPU
		{3814E17E-EFED-4440-9100-173D43096301}.Release|Any CPU.ActiveCfg = Release|Any CPU
		{3814E17E-EFED-4440-9100-173D43096301}.Release|Any CPU.Build.0 = Release|Any CPU
		{96591EAA-B042-4138-924A-F97DC1BB6CDE}.Debug|Any CPU.ActiveCfg = Debug|Any CPU
		{96591EAA-B042-4138-924A-F97DC1BB6CDE}.Debug|Any CPU.Build.0 = Debug|Any CPU
		{96591EAA-B042-4138-924A-F97DC1BB6CDE}.Release|Any CPU.ActiveCfg = Release|Any CPU
		{96591EAA-B042-4138-924A-F97DC1BB6CDE}.Release|Any CPU.Build.0 = Release|Any CPU
	EndGlobalSection
	GlobalSection(SolutionProperties) = preSolution
		HideSolutionNode = FALSE
	EndGlobalSection
	GlobalSection(ExtensibilityGlobals) = postSolution
		SolutionGuid = {57984F7C-2E30-4870-BC88-4D9DADCDE305}
	EndGlobalSection
EndGlobal
